{
    "_readme": [
        "This file locks the dependencies of your project to a known state",
        "Read more about it at https://getcomposer.org/doc/01-basic-usage.md#installing-dependencies",
        "This file is @generated automatically"
    ],
    "content-hash": "b24fa9571bee043be91fee9def226f05",
    "packages": [
        {
            "name": "tolkam/utils",
            "version": "dev-master",
            "dist": {
                "type": "path",
                "url": "D:/dev-packages/php/tolkam/utils",
                "reference": "9a2f86e6fe4c2c49f8dcbe2a96396f7e0b773411"
            },
            "require": {
                "ext-ctype": "*",
                "ext-mbstring": "*",
                "php": ">=7.2.0"
            },
            "type": "library",
            "extra": {
                "branch-alias": {
                    "dev-master": "1.0-dev"
                }
            },
            "autoload": {
                "psr-4": {
                    "Tolkam\\Utils\\": "src"
                }
            },
            "license": [
                "proprietary"
            ],
            "description": "Useful utility functions",
            "transport-options": {
                "symlink": true
            }
        }
    ],
    "packages-dev": [],
    "aliases": [],
    "minimum-stability": "stable",
    "stability-flags": {
        "tolkam/utils": 20
    },
    "prefer-stable": false,
    "prefer-lowest": false,
    "platform": {
        "php": ">=7.3"
    },
    "platform-dev": []
}
